
Microsoft Visual Studio Solution File, Format Version 12.00
# Visual Studio Version 17
VisualStudioVersion = 17.3.32825.248
MinimumVisualStudioVersion = 10.0.40219.1
Project("{FAE04EC0-301F-11D3-BF4B-00C04F79EFBC}") = "task 49", "task 49.csproj", "{6326A139-8F34-4A40-9171-F544A8D4BAC0}"
EndProject
Global
	GlobalSection(SolutionConfigurationPlatforms) = preSolution
		Debug|Any CPU = Debug|Any CPU
		Release|Any CPU = Release|Any CPU
	EndGlobalSection
	GlobalSection(ProjectConfigurationPlatforms) = postSolution
		{6326A139-8F34-4A40-9171-F544A8D4BAC0}.Debug|Any CPU.ActiveCfg = Debug|Any CPU
		{6326A139-8F34-4A40-9171-F544A8D4BAC0}.Debug|Any CPU.Build.0 = Debug|Any CPU
		{6326A139-8F34-4A40-9171-F544A8D4BAC0}.Release|Any CPU.ActiveCfg = Release|Any CPU
		{6326A139-8F34-4A40-9171-F544A8D4BAC0}.Release|Any CPU.Build.0 = Release|Any CPU
	EndGlobalSection
	GlobalSection(SolutionProperties) = preSolution
		HideSolutionNode = FALSE
	EndGlobalSection
	GlobalSection(ExtensibilityGlobals) = postSolution
		SolutionGuid = {A019B948-6CCC-4010-A654-A906382109E4}
	EndGlobalSection
EndGlobal
